
Microsoft Visual Studio Solution File, Format Version 12.00
# Visual Studio Version 17
VisualStudioVersion = 17.3.32929.385
MinimumVisualStudioVersion = 10.0.40219.1
Project("{8BC9CEB8-8B4A-11D0-8D11-00A0C91BC942}") = "LeetCode", "LeetCode.vcxproj", "{12A0013C-7361-45C4-96D7-18F19BCB7D6D}"
EndProject
Project("{2150E333-8FDC-42A3-9474-1A3956D46DE8}") = "Archive", "Archive", "{1528072A-E610-43E0-B81C-13AA35230448}"
EndProject
Project("{2150E333-8FDC-42A3-9474-1A3956D46DE8}") = "1-50", "1-50", "{35297D83-1D9E-4C05-B8A5-8222075DF27B}"
	ProjectSection(SolutionItems) = preProject
		Archive\1-50\Solutions.cpp = Archive\1-50\Solutions.cpp
		Archive\1-50\Solutions.h = Archive\1-50\Solutions.h
	EndProjectSection
EndProject
Project("{2150E333-8FDC-42A3-9474-1A3956D46DE8}") = "51-100", "51-100", "{88968C13-E32C-4F7E-8FB3-50526954AC65}"
	ProjectSection(SolutionItems) = preProject
		Archive\51-100\Solutions.cpp = Archive\51-100\Solutions.cpp
		Archive\51-100\Solutions.h = Archive\51-100\Solutions.h
	EndProjectSection
EndProject
Global
	GlobalSection(SolutionConfigurationPlatforms) = preSolution
		Debug|x64 = Debug|x64
		Debug|x86 = Debug|x86
		Release|x64 = Release|x64
		Release|x86 = Release|x86
	EndGlobalSection
	GlobalSection(ProjectConfigurationPlatforms) = postSolution
		{12A0013C-7361-45C4-96D7-18F19BCB7D6D}.Debug|x64.ActiveCfg = Debug|x64
		{12A0013C-7361-45C4-96D7-18F19BCB7D6D}.Debug|x64.Build.0 = Debug|x64
		{12A0013C-7361-45C4-96D7-18F19BCB7D6D}.Debug|x86.ActiveCfg = Debug|Win32
		{12A0013C-7361-45C4-96D7-18F19BCB7D6D}.Debug|x86.Build.0 = Debug|Win32
		{12A0013C-7361-45C4-96D7-18F19BCB7D6D}.Release|x64.ActiveCfg = Release|x64
		{12A0013C-7361-45C4-96D7-18F19BCB7D6D}.Release|x64.Build.0 = Release|x64
		{12A0013C-7361-45C4-96D7-18F19BCB7D6D}.Release|x86.ActiveCfg = Release|Win32
		{12A0013C-7361-45C4-96D7-18F19BCB7D6D}.Release|x86.Build.0 = Release|Win32
	EndGlobalSection
	GlobalSection(SolutionProperties) = preSolution
		HideSolutionNode = FALSE
	EndGlobalSection
	GlobalSection(NestedProjects) = preSolution
		{35297D83-1D9E-4C05-B8A5-8222075DF27B} = {1528072A-E610-43E0-B81C-13AA35230448}
		{88968C13-E32C-4F7E-8FB3-50526954AC65} = {1528072A-E610-43E0-B81C-13AA35230448}
	EndGlobalSection
	GlobalSection(ExtensibilityGlobals) = postSolution
		SolutionGuid = {92A7D46F-A3F1-4B13-8B77-0450AB27DF6A}
	EndGlobalSection
EndGlobal
